
Microsoft Visual Studio Solution File, Format Version 12.00
# Visual Studio 15
VisualStudioVersion = 15.0.26430.12
MinimumVisualStudioVersion = 10.0.40219.1
Project("{FAE04EC0-301F-11D3-BF4B-00C04F79EFBC}") = "GUI", "SearchEngine\GUI.csproj", "{F30E4098-D795-4A50-88BE-CF20BBB27490}"
	ProjectSection(ProjectDependencies) = postProject
		{1AB06236-B974-42BD-9FB3-CCBF8D8232CF} = {1AB06236-B974-42BD-9FB3-CCBF8D8232CF}
	EndProjectSection
EndProject
Project("{FAE04EC0-301F-11D3-BF4B-00C04F79EFBC}") = "InfoRetrieval", "InfoRetrieval\InfoRetrieval.csproj", "{1AB06236-B974-42BD-9FB3-CCBF8D8232CF}"
EndProject
Project("{FAE04EC0-301F-11D3-BF4B-00C04F79EFBC}") = "WordNet.Net", "WordsSemantics\WordNet.Net.csproj", "{F12805B0-D74A-4E5B-A482-7C7CCB69D572}"
EndProject
Global
	GlobalSection(SolutionConfigurationPlatforms) = preSolution
		Ad-Hoc|Any CPU = Ad-Hoc|Any CPU
		Ad-Hoc|iPhone = Ad-Hoc|iPhone
		Ad-Hoc|iPhoneSimulator = Ad-Hoc|iPhoneSimulator
		AppStore|Any CPU = AppStore|Any CPU
		AppStore|iPhone = AppStore|iPhone
		AppStore|iPhoneSimulator = AppStore|iPhoneSimulator
		Debug|Any CPU = Debug|Any CPU
		Debug|iPhone = Debug|iPhone
		Debug|iPhoneSimulator = Debug|iPhoneSimulator
		Release|Any CPU = Release|Any CPU
		Release|iPhone = Release|iPhone
		Release|iPhoneSimulator = Release|iPhoneSimulator
	EndGlobalSection
	GlobalSection(ProjectConfigurationPlatforms) = postSolution
		{F30E4098-D795-4A50-88BE-CF20BBB27490}.Ad-Hoc|Any CPU.ActiveCfg = Release|Any CPU
		{F30E4098-D795-4A50-88BE-CF20BBB27490}.Ad-Hoc|Any CPU.Build.0 = Release|Any CPU
		{F30E4098-D795-4A50-88BE-CF20BBB27490}.Ad-Hoc|iPhone.ActiveCfg = Release|Any CPU
		{F30E4098-D795-4A50-88BE-CF20BBB27490}.Ad-Hoc|iPhone.Build.0 = Release|Any CPU
		{F30E4098-D795-4A50-88BE-CF20BBB27490}.Ad-Hoc|iPhoneSimulator.ActiveCfg = Release|Any CPU
		{F30E4098-D795-4A50-88BE-CF20BBB27490}.Ad-Hoc|iPhoneSimulator.Build.0 = Release|Any CPU
		{F30E4098-D795-4A50-88BE-CF20BBB27490}.AppStore|Any CPU.ActiveCfg = Release|Any CPU
		{F30E4098-D795-4A50-88BE-CF20BBB27490}.AppStore|Any CPU.Build.0 = Release|Any CPU
		{F30E4098-D795-4A50-88BE-CF20BBB27490}.AppStore|iPhone.ActiveCfg = Release|Any CPU
		{F30E4098-D795-4A50-88BE-CF20BBB27490}.AppStore|iPhone.Build.0 = Release|Any CPU
		{F30E4098-D795-4A50-88BE-CF20BBB27490}.AppStore|iPhoneSimulator.ActiveCfg = Release|Any CPU
		{F30E4098-D795-4A50-88BE-CF20BBB27490}.AppStore|iPhoneSimulator.Build.0 = Release|Any CPU
		{F30E4098-D795-4A50-88BE-CF20BBB27490}.Debug|Any CPU.ActiveCfg = Debug|Any CPU
		{F30E4098-D795-4A50-88BE-CF20BBB27490}.Debug|Any CPU.Build.0 = Debug|Any CPU
		{F30E4098-D795-4A50-88BE-CF20BBB27490}.Debug|iPhone.ActiveCfg = Debug|Any CPU
		{F30E4098-D795-4A50-88BE-CF20BBB27490}.Debug|iPhone.Build.0 = Debug|Any CPU
		{F30E4098-D795-4A50-88BE-CF20BBB27490}.Debug|iPhoneSimulator.ActiveCfg = Debug|Any CPU
		{F30E4098-D795-4A50-88BE-CF20BBB27490}.Debug|iPhoneSimulator.Build.0 = Debug|Any CPU
		{F30E4098-D795-4A50-88BE-CF20BBB27490}.Release|Any CPU.ActiveCfg = Release|Any CPU
		{F30E4098-D795-4A50-88BE-CF20BBB27490}.Release|Any CPU.Build.0 = Release|Any CPU
		{F30E4098-D795-4A50-88BE-CF20BBB27490}.Release|iPhone.ActiveCfg = Release|Any CPU
		{F30E4098-D795-4A50-88BE-CF20BBB27490}.Release|iPhone.Build.0 = Release|Any CPU
		{F30E4098-D795-4A50-88BE-CF20BBB27490}.Release|iPhoneSimulator.ActiveCfg = Release|Any CPU
		{F30E4098-D795-4A50-88BE-CF20BBB27490}.Release|iPhoneSimulator.Build.0 = Release|Any CPU
		{1AB06236-B974-42BD-9FB3-CCBF8D8232CF}.Ad-Hoc|Any CPU.ActiveCfg = Release|Any CPU
		{1AB06236-B974-42BD-9FB3-CCBF8D8232CF}.Ad-Hoc|Any CPU.Build.0 = Release|Any CPU
		{1AB06236-B974-42BD-9FB3-CCBF8D8232CF}.Ad-Hoc|iPhone.ActiveCfg = Release|Any CPU
		{1AB06236-B974-42BD-9FB3-CCBF8D8232CF}.Ad-Hoc|iPhone.Build.0 = Release|Any CPU
		{1AB06236-B974-42BD-9FB3-CCBF8D8232CF}.Ad-Hoc|iPhoneSimulator.ActiveCfg = Release|Any CPU
		{1AB06236-B974-42BD-9FB3-CCBF8D8232CF}.Ad-Hoc|iPhoneSimulator.Build.0 = Release|Any CPU
		{1AB06236-B974-42BD-9FB3-CCBF8D8232CF}.AppStore|Any CPU.ActiveCfg = Release|Any CPU
		{1AB06236-B974-42BD-9FB3-CCBF8D8232CF}.AppStore|Any CPU.Build.0 = Release|Any CPU
		{1AB06236-B974-42BD-9FB3-CCBF8D8232CF}.AppStore|iPhone.ActiveCfg = Release|Any CPU
		{1AB06236-B974-42BD-9FB3-CCBF8D8232CF}.AppStore|iPhone.Build.0 = Release|Any CPU
		{1AB06236-B974-42BD-9FB3-CCBF8D8232CF}.AppStore|iPhoneSimulator.ActiveCfg = Release|Any CPU
		{1AB06236-B974-42BD-9FB3-CCBF8D8232CF}.AppStore|iPhoneSimulator.Build.0 = Release|Any CPU
		{1AB06236-B974-42BD-9FB3-CCBF8D8232CF}.Debug|Any CPU.ActiveCfg = Debug|Any CPU
		{1AB06236-B974-42BD-9FB3-CCBF8D8232CF}.Debug|Any CPU.Build.0 = Debug|Any CPU
		{1AB06236-B974-42BD-9FB3-CCBF8D8232CF}.Debug|iPhone.ActiveCfg = Debug|Any CPU
		{1AB06236-B974-42BD-9FB3-CCBF8D8232CF}.Debug|iPhone.Build.0 = Debug|Any CPU
		{1AB06236-B974-42BD-9FB3-CCBF8D8232CF}.Debug|iPhoneSimulator.ActiveCfg = Debug|Any CPU
		{1AB06236-B974-42BD-9FB3-CCBF8D8232CF}.Debug|iPhoneSimulator.Build.0 = Debug|Any CPU
		{1AB06236-B974-42BD-9FB3-CCBF8D8232CF}.Release|Any CPU.ActiveCfg = Release|Any CPU
		{1AB06236-B974-42BD-9FB3-CCBF8D8232CF}.Release|Any CPU.Build.0 = Release|Any CPU
		{1AB06236-B974-42BD-9FB3-CCBF8D8232CF}.Release|iPhone.ActiveCfg = Release|Any CPU
		{1AB06236-B974-42BD-9FB3-CCBF8D8232CF}.Release|iPhone.Build.0 = Release|Any CPU
		{1AB06236-B974-42BD-9FB3-CCBF8D8232CF}.Release|iPhoneSimulator.ActiveCfg = Release|Any CPU
		{1AB06236-B974-42BD-9FB3-CCBF8D8232CF}.Release|iPhoneSimulator.Build.0 = Release|Any CPU
		{F12805B0-D74A-4E5B-A482-7C7CCB69D572}.Ad-Hoc|Any CPU.ActiveCfg = Release|Any CPU
		{F12805B0-D74A-4E5B-A482-7C7CCB69D572}.Ad-Hoc|Any CPU.Build.0 = Release|Any CPU
		{F12805B0-D74A-4E5B-A482-7C7CCB69D572}.Ad-Hoc|iPhone.ActiveCfg = Release|Any CPU
		{F12805B0-D74A-4E5B-A482-7C7CCB69D572}.Ad-Hoc|iPhone.Build.0 = Release|Any CPU
		{F12805B0-D74A-4E5B-A482-7C7CCB69D572}.Ad-Hoc|iPhoneSimulator.ActiveCfg = Release|Any CPU
		{F12805B0-D74A-4E5B-A482-7C7CCB69D572}.Ad-Hoc|iPhoneSimulator.Build.0 = Release|Any CPU
		{F12805B0-D74A-4E5B-A482-7C7CCB69D572}.AppStore|Any CPU.ActiveCfg = Release|Any CPU
		{F12805B0-D74A-4E5B-A482-7C7CCB69D572}.AppStore|Any CPU.Build.0 = Release|Any CPU
		{F12805B0-D74A-4E5B-A482-7C7CCB69D572}.AppStore|iPhone.ActiveCfg = Release|Any CPU
		{F12805B0-D74A-4E5B-A482-7C7CCB69D572}.AppStore|iPhone.Build.0 = Release|Any CPU
		{F12805B0-D74A-4E5B-A482-7C7CCB69D572}.AppStore|iPhoneSimulator.ActiveCfg = Release|Any CPU
		{F12805B0-D74A-4E5B-A482-7C7CCB69D572}.AppStore|iPhoneSimulator.Build.0 = Release|Any CPU
		{F12805B0-D74A-4E5B-A482-7C7CCB69D572}.Debug|Any CPU.ActiveCfg = Debug|Any CPU
		{F12805B0-D74A-4E5B-A482-7C7CCB69D572}.Debug|Any CPU.Build.0 = Debug|Any CPU
		{F12805B0-D74A-4E5B-A482-7C7CCB69D572}.Debug|iPhone.ActiveCfg = Debug|Any CPU
		{F12805B0-D74A-4E5B-A482-7C7CCB69D572}.Debug|iPhone.Build.0 = Debug|Any CPU
		{F12805B0-D74A-4E5B-A482-7C7CCB69D572}.Debug|iPhoneSimulator.ActiveCfg = Debug|Any CPU
		{F12805B0-D74A-4E5B-A482-7C7CCB69D572}.Debug|iPhoneSimulator.Build.0 = Debug|Any CPU
		{F12805B0-D74A-4E5B-A482-7C7CCB69D572}.Release|Any CPU.ActiveCfg = Release|Any CPU
		{F12805B0-D74A-4E5B-A482-7C7CCB69D572}.Release|Any CPU.Build.0 = Release|Any CPU
		{F12805B0-D74A-4E5B-A482-7C7CCB69D572}.Release|iPhone.ActiveCfg = Release|Any CPU
		{F12805B0-D74A-4E5B-A482-7C7CCB69D572}.Release|iPhone.Build.0 = Release|Any CPU
		{F12805B0-D74A-4E5B-A482-7C7CCB69D572}.Release|iPhoneSimulator.ActiveCfg = Release|Any CPU
		{F12805B0-D74A-4E5B-A482-7C7CCB69D572}.Release|iPhoneSimulator.Build.0 = Release|Any CPU
	EndGlobalSection
	GlobalSection(SolutionProperties) = preSolution
		HideSolutionNode = FALSE
	EndGlobalSection
	GlobalSection(ExtensibilityGlobals) = postSolution
		SolutionGuid = {7666EEA6-CE5C-4271-A9DA-627AEF5E132D}
	EndGlobalSection
EndGlobal
